
Microsoft Visual Studio Solution File, Format Version 12.00
# Visual Studio Version 16
VisualStudioVersion = 16.0.29806.167
MinimumVisualStudioVersion = 10.0.40219.1
Project("{FAE04EC0-301F-11D3-BF4B-00C04F79EFBC}") = "BibleView", "BibleView\BibleView.csproj", "{481CF2F1-533A-487E-840D-DF4966240EFA}"
EndProject
Project("{FAE04EC0-301F-11D3-BF4B-00C04F79EFBC}") = "BibleImport", "BibleImport\BibleImport.csproj", "{ADE31B61-772C-45C3-B068-2EE2B7E68A7A}"
EndProject
Project("{FAE04EC0-301F-11D3-BF4B-00C04F79EFBC}") = "BibleView.Request", "BibleView.Request\BibleView.Request.csproj", "{76EB78E0-7905-4443-B5BB-69A6E5D41F54}"
EndProject
Global
	GlobalSection(SolutionConfigurationPlatforms) = preSolution
		Debug|Any CPU = Debug|Any CPU
		Release|Any CPU = Release|Any CPU
	EndGlobalSection
	GlobalSection(ProjectConfigurationPlatforms) = postSolution
		{481CF2F1-533A-487E-840D-DF4966240EFA}.Debug|Any CPU.ActiveCfg = Debug|Any CPU
		{481CF2F1-533A-487E-840D-DF4966240EFA}.Debug|Any CPU.Build.0 = Debug|Any CPU
		{481CF2F1-533A-487E-840D-DF4966240EFA}.Release|Any CPU.ActiveCfg = Release|Any CPU
		{481CF2F1-533A-487E-840D-DF4966240EFA}.Release|Any CPU.Build.0 = Release|Any CPU
		{ADE31B61-772C-45C3-B068-2EE2B7E68A7A}.Debug|Any CPU.ActiveCfg = Debug|Any CPU
		{ADE31B61-772C-45C3-B068-2EE2B7E68A7A}.Debug|Any CPU.Build.0 = Debug|Any CPU
		{ADE31B61-772C-45C3-B068-2EE2B7E68A7A}.Release|Any CPU.ActiveCfg = Release|Any CPU
		{ADE31B61-772C-45C3-B068-2EE2B7E68A7A}.Release|Any CPU.Build.0 = Release|Any CPU
		{76EB78E0-7905-4443-B5BB-69A6E5D41F54}.Debug|Any CPU.ActiveCfg = Debug|Any CPU
		{76EB78E0-7905-4443-B5BB-69A6E5D41F54}.Debug|Any CPU.Build.0 = Debug|Any CPU
		{76EB78E0-7905-4443-B5BB-69A6E5D41F54}.Release|Any CPU.ActiveCfg = Release|Any CPU
		{76EB78E0-7905-4443-B5BB-69A6E5D41F54}.Release|Any CPU.Build.0 = Release|Any CPU
	EndGlobalSection
	GlobalSection(SolutionProperties) = preSolution
		HideSolutionNode = FALSE
	EndGlobalSection
	GlobalSection(ExtensibilityGlobals) = postSolution
		SolutionGuid = {14A9A522-63C0-450E-AE2A-708985694779}
	EndGlobalSection
EndGlobal
